
Microsoft Visual Studio Solution File, Format Version 12.00
# Visual Studio Version 17
VisualStudioVersion = 17.13.35806.99 d17.13
MinimumVisualStudioVersion = 10.0.40219.1
Project("{FAE04EC0-301F-11D3-BF4B-00C04F79EFBC}") = "U-LearningNET", "U-LearningNET\U-LearningNET.csproj", "{0B264765-E4AE-43DE-8396-8A7DA4656FA5}"
EndProject
Global
	GlobalSection(SolutionConfigurationPlatforms) = preSolution
		Debug|Any CPU = Debug|Any CPU
		Release|Any CPU = Release|Any CPU
	EndGlobalSection
	GlobalSection(ProjectConfigurationPlatforms) = postSolution
		{0B264765-E4AE-43DE-8396-8A7DA4656FA5}.Debug|Any CPU.ActiveCfg = Debug|Any CPU
		{0B264765-E4AE-43DE-8396-8A7DA4656FA5}.Debug|Any CPU.Build.0 = Debug|Any CPU
		{0B264765-E4AE-43DE-8396-8A7DA4656FA5}.Release|Any CPU.ActiveCfg = Release|Any CPU
		{0B264765-E4AE-43DE-8396-8A7DA4656FA5}.Release|Any CPU.Build.0 = Release|Any CPU
	EndGlobalSection
	GlobalSection(SolutionProperties) = preSolution
		HideSolutionNode = FALSE
	EndGlobalSection
	GlobalSection(ExtensibilityGlobals) = postSolution
		SolutionGuid = {C90D8D4D-2D0E-4D8F-A611-7ACAC1EF0891}
	EndGlobalSection
EndGlobal
